// !$*UTF8*$!
{
	archiveVersion = 1;
	classes = {
	};
	objectVersion = 46;
	objects = {

/* Begin PBXBuildFile section */
		D203237216B6A94E00751384 /* BalicekKariet.m in Sources */ = {isa = PBXBuildFile; fileRef = D203237116B6A94E00751384 /* BalicekKariet.m */; };
		D203237516B6AA7000751384 /* Karta.m in Sources */ = {isa = PBXBuildFile; fileRef = D203237416B6AA7000751384 /* Karta.m */; };
		D203237816B6AA8500751384 /* HraciaKarta.m in Sources */ = {isa = PBXBuildFile; fileRef = D203237716B6AA8500751384 /* HraciaKarta.m */; };
		D203237B16B6AB1500751384 /* BalicekHracichKariet.m in Sources */ = {isa = PBXBuildFile; fileRef = D203237A16B6AB1500751384 /* BalicekHracichKariet.m */; };
		D23B4A7F16C93B21007D42AE /* SecondViewController.m in Sources */ = {isa = PBXBuildFile; fileRef = D23B4A7E16C93B21007D42AE /* SecondViewController.m */; };
		D23B4A8216C9B073007D42AE /* SkupinovaKarta.m in Sources */ = {isa = PBXBuildFile; fileRef = D23B4A8116C9B073007D42AE /* SkupinovaKarta.m */; };
		D23B4A8516C9B692007D42AE /* BalicekSkupinovychKariet.m in Sources */ = {isa = PBXBuildFile; fileRef = D23B4A8416C9B691007D42AE /* BalicekSkupinovychKariet.m */; };
		D23B4A8816C9B821007D42AE /* SkupinovaKartovaHra.m in Sources */ = {isa = PBXBuildFile; fileRef = D23B4A8716C9B821007D42AE /* SkupinovaKartovaHra.m */; };
		D23B4A8B16CA5891007D42AE /* PoslednyTah.m in Sources */ = {isa = PBXBuildFile; fileRef = D23B4A8A16CA5891007D42AE /* PoslednyTah.m */; };
		D2E0B57516B2EAF10024A566 /* UIKit.framework in Frameworks */ = {isa = PBXBuildFile; fileRef = D2E0B57416B2EAF10024A566 /* UIKit.framework */; };
		D2E0B57716B2EAF10024A566 /* Foundation.framework in Frameworks */ = {isa = PBXBuildFile; fileRef = D2E0B57616B2EAF10024A566 /* Foundation.framework */; };
		D2E0B57916B2EAF10024A566 /* CoreGraphics.framework in Frameworks */ = {isa = PBXBuildFile; fileRef = D2E0B57816B2EAF10024A566 /* CoreGraphics.framework */; };
		D2E0B57F16B2EAF10024A566 /* InfoPlist.strings in Resources */ = {isa = PBXBuildFile; fileRef = D2E0B57D16B2EAF10024A566 /* InfoPlist.strings */; };
		D2E0B58116B2EAF10024A566 /* main.m in Sources */ = {isa = PBXBuildFile; fileRef = D2E0B58016B2EAF10024A566 /* main.m */; };
		D2E0B58516B2EAF10024A566 /* AppDelegate.m in Sources */ = {isa = PBXBuildFile; fileRef = D2E0B58416B2EAF10024A566 /* AppDelegate.m */; };
		D2E0B58716B2EAF10024A566 /* Default.png in Resources */ = {isa = PBXBuildFile; fileRef = D2E0B58616B2EAF10024A566 /* Default.png */; };
		D2E0B58916B2EAF10024A566 /* Default@2x.png in Resources */ = {isa = PBXBuildFile; fileRef = D2E0B58816B2EAF10024A566 /* Default@2x.png */; };
		D2E0B58B16B2EAF10024A566 /* Default-568h@2x.png in Resources */ = {isa = PBXBuildFile; fileRef = D2E0B58A16B2EAF10024A566 /* Default-568h@2x.png */; };
		D2E0B58E16B2EAF10024A566 /* MainStoryboard.storyboard in Resources */ = {isa = PBXBuildFile; fileRef = D2E0B58C16B2EAF10024A566 /* MainStoryboard.storyboard */; };
		D2E0B59116B2EAF10024A566 /* ViewController.m in Sources */ = {isa = PBXBuildFile; fileRef = D2E0B59016B2EAF10024A566 /* ViewController.m */; };
		D2FEF2BC16BFDAD80063E56F /* backFace.png in Resources */ = {isa = PBXBuildFile; fileRef = D2FEF2BB16BFDAD80063E56F /* backFace.png */; };
		D2FEF2BF16BFDE450063E56F /* PorovnavaciaKartovaHra.m in Sources */ = {isa = PBXBuildFile; fileRef = D2FEF2BE16BFDE450063E56F /* PorovnavaciaKartovaHra.m */; };
/* End PBXBuildFile section */

/* Begin PBXFileReference section */
		D203237016B6A94E00751384 /* BalicekKariet.h */ = {isa = PBXFileReference; fileEncoding = 4; lastKnownFileType = sourcecode.c.h; path = BalicekKariet.h; sourceTree = "<group>"; };
		D203237116B6A94E00751384 /* BalicekKariet.m */ = {isa = PBXFileReference; fileEncoding = 4; lastKnownFileType = sourcecode.c.objc; path = BalicekKariet.m; sourceTree = "<group>"; };
		D203237316B6AA7000751384 /* Karta.h */ = {isa = PBXFileReference; fileEncoding = 4; lastKnownFileType = sourcecode.c.h; path = Karta.h; sourceTree = "<group>"; };
		D203237416B6AA7000751384 /* Karta.m */ = {isa = PBXFileReference; fileEncoding = 4; lastKnownFileType = sourcecode.c.objc; path = Karta.m; sourceTree = "<group>"; };
		D203237616B6AA8500751384 /* HraciaKarta.h */ = {isa = PBXFileReference; fileEncoding = 4; lastKnownFileType = sourcecode.c.h; path = HraciaKarta.h; sourceTree = "<group>"; };
		D203237716B6AA8500751384 /* HraciaKarta.m */ = {isa = PBXFileReference; fileEncoding = 4; lastKnownFileType = sourcecode.c.objc; path = HraciaKarta.m; sourceTree = "<group>"; };
		D203237916B6AB1500751384 /* BalicekHracichKariet.h */ = {isa = PBXFileReference; fileEncoding = 4; lastKnownFileType = sourcecode.c.h; path = BalicekHracichKariet.h; sourceTree = "<group>"; };
		D203237A16B6AB1500751384 /* BalicekHracichKariet.m */ = {isa = PBXFileReference; fileEncoding = 4; lastKnownFileType = sourcecode.c.objc; path = BalicekHracichKariet.m; sourceTree = "<group>"; };
		D23B4A7D16C93B21007D42AE /* SecondViewController.h */ = {isa = PBXFileReference; fileEncoding = 4; lastKnownFileType = sourcecode.c.h; path = SecondViewController.h; sourceTree = "<group>"; };
		D23B4A7E16C93B21007D42AE /* SecondViewController.m */ = {isa = PBXFileReference; fileEncoding = 4; lastKnownFileType = sourcecode.c.objc; path = SecondViewController.m; sourceTree = "<group>"; };
		D23B4A8016C9B073007D42AE /* SkupinovaKarta.h */ = {isa = PBXFileReference; fileEncoding = 4; lastKnownFileType = sourcecode.c.h; path = SkupinovaKarta.h; sourceTree = "<group>"; };
		D23B4A8116C9B073007D42AE /* SkupinovaKarta.m */ = {isa = PBXFileReference; fileEncoding = 4; lastKnownFileType = sourcecode.c.objc; path = SkupinovaKarta.m; sourceTree = "<group>"; };
		D23B4A8316C9B691007D42AE /* BalicekSkupinovychKariet.h */ = {isa = PBXFileReference; fileEncoding = 4; lastKnownFileType = sourcecode.c.h; path = BalicekSkupinovychKariet.h; sourceTree = "<group>"; };
		D23B4A8416C9B691007D42AE /* BalicekSkupinovychKariet.m */ = {isa = PBXFileReference; fileEncoding = 4; lastKnownFileType = sourcecode.c.objc; path = BalicekSkupinovychKariet.m; sourceTree = "<group>"; };
		D23B4A8616C9B821007D42AE /* SkupinovaKartovaHra.h */ = {isa = PBXFileReference; fileEncoding = 4; lastKnownFileType = sourcecode.c.h; path = SkupinovaKartovaHra.h; sourceTree = "<group>"; };
		D23B4A8716C9B821007D42AE /* SkupinovaKartovaHra.m */ = {isa = PBXFileReference; fileEncoding = 4; lastKnownFileType = sourcecode.c.objc; path = SkupinovaKartovaHra.m; sourceTree = "<group>"; };
		D23B4A8916CA5891007D42AE /* PoslednyTah.h */ = {isa = PBXFileReference; fileEncoding = 4; lastKnownFileType = sourcecode.c.h; path = PoslednyTah.h; sourceTree = "<group>"; };
		D23B4A8A16CA5891007D42AE /* PoslednyTah.m */ = {isa = PBXFileReference; fileEncoding = 4; lastKnownFileType = sourcecode.c.objc; path = PoslednyTah.m; sourceTree = "<group>"; };
		D2E0B57016B2EAF10024A566 /* cs193p_2013_hw03.app */ = {isa = PBXFileReference; explicitFileType = wrapper.application; includeInIndex = 0; path = cs193p_2013_hw03.app; sourceTree = BUILT_PRODUCTS_DIR; };
		D2E0B57416B2EAF10024A566 /* UIKit.framework */ = {isa = PBXFileReference; lastKnownFileType = wrapper.framework; name = UIKit.framework; path = System/Library/Frameworks/UIKit.framework; sourceTree = SDKROOT; };
		D2E0B57616B2EAF10024A566 /* Foundation.framework */ = {isa = PBXFileReference; lastKnownFileType = wrapper.framework; name = Foundation.framework; path = System/Library/Frameworks/Foundation.framework; sourceTree = SDKROOT; };
		D2E0B57816B2EAF10024A566 /* CoreGraphics.framework */ = {isa = PBXFileReference; lastKnownFileType = wrapper.framework; name = CoreGraphics.framework; path = System/Library/Frameworks/CoreGraphics.framework; sourceTree = SDKROOT; };
		D2E0B57C16B2EAF10024A566 /* cs193p_2013_hw03-Info.plist */ = {isa = PBXFileReference; lastKnownFileType = text.plist.xml; path = "cs193p_2013_hw03-Info.plist"; sourceTree = "<group>"; };
		D2E0B57E16B2EAF10024A566 /* en */ = {isa = PBXFileReference; lastKnownFileType = text.plist.strings; name = en; path = en.lproj/InfoPlist.strings; sourceTree = "<group>"; };
		D2E0B58016B2EAF10024A566 /* main.m */ = {isa = PBXFileReference; lastKnownFileType = sourcecode.c.objc; path = main.m; sourceTree = "<group>"; };
		D2E0B58216B2EAF10024A566 /* cs193p_2013_hw03-Prefix.pch */ = {isa = PBXFileReference; lastKnownFileType = sourcecode.c.h; path = "cs193p_2013_hw03-Prefix.pch"; sourceTree = "<group>"; };
		D2E0B58316B2EAF10024A566 /* AppDelegate.h */ = {isa = PBXFileReference; lastKnownFileType = sourcecode.c.h; path = AppDelegate.h; sourceTree = "<group>"; };
		D2E0B58416B2EAF10024A566 /* AppDelegate.m */ = {isa = PBXFileReference; lastKnownFileType = sourcecode.c.objc; path = AppDelegate.m; sourceTree = "<group>"; };
		D2E0B58616B2EAF10024A566 /* Default.png */ = {isa = PBXFileReference; lastKnownFileType = image.png; path = Default.png; sourceTree = "<group>"; };
		D2E0B58816B2EAF10024A566 /* Default@2x.png */ = {isa = PBXFileReference; lastKnownFileType = image.png; path = "Default@2x.png"; sourceTree = "<group>"; };
		D2E0B58A16B2EAF10024A566 /* Default-568h@2x.png */ = {isa = PBXFileReference; lastKnownFileType = image.png; path = "Default-568h@2x.png"; sourceTree = "<group>"; };
		D2E0B58D16B2EAF10024A566 /* en */ = {isa = PBXFileReference; lastKnownFileType = file.storyboard; name = en; path = en.lproj/MainStoryboard.storyboard; sourceTree = "<group>"; };
		D2E0B58F16B2EAF10024A566 /* ViewController.h */ = {isa = PBXFileReference; lastKnownFileType = sourcecode.c.h; path = ViewController.h; sourceTree = "<group>"; };
		D2E0B59016B2EAF10024A566 /* ViewController.m */ = {isa = PBXFileReference; lastKnownFileType = sourcecode.c.objc; path = ViewController.m; sourceTree = "<group>"; };
		D2FEF2BB16BFDAD80063E56F /* backFace.png */ = {isa = PBXFileReference; lastKnownFileType = image.png; path = backFace.png; sourceTree = "<group>"; };
		D2FEF2BD16BFDE450063E56F /* PorovnavaciaKartovaHra.h */ = {isa = PBXFileReference; fileEncoding = 4; lastKnownFileType = sourcecode.c.h; path = PorovnavaciaKartovaHra.h; sourceTree = "<group>"; };
		D2FEF2BE16BFDE450063E56F /* PorovnavaciaKartovaHra.m */ = {isa = PBXFileReference; fileEncoding = 4; lastKnownFileType = sourcecode.c.objc; path = PorovnavaciaKartovaHra.m; sourceTree = "<group>"; };
/* End PBXFileReference section */

/* Begin PBXFrameworksBuildPhase section */
		D2E0B56D16B2EAF10024A566 /* Frameworks */ = {
			isa = PBXFrameworksBuildPhase;
			buildActionMask = 2147483647;
			files = (
				D2E0B57516B2EAF10024A566 /* UIKit.framework in Frameworks */,
				D2E0B57716B2EAF10024A566 /* Foundation.framework in Frameworks */,
				D2E0B57916B2EAF10024A566 /* CoreGraphics.framework in Frameworks */,
			);
			runOnlyForDeploymentPostprocessing = 0;
		};
/* End PBXFrameworksBuildPhase section */

/* Begin PBXGroup section */
		D203236C16B6A85400751384 /* Models */ = {
			isa = PBXGroup;
			children = (
				D23B4A8916CA5891007D42AE /* PoslednyTah.h */,
				D23B4A8A16CA5891007D42AE /* PoslednyTah.m */,
				D23B4A8616C9B821007D42AE /* SkupinovaKartovaHra.h */,
				D23B4A8716C9B821007D42AE /* SkupinovaKartovaHra.m */,
				D2FEF2BD16BFDE450063E56F /* PorovnavaciaKartovaHra.h */,
				D2FEF2BE16BFDE450063E56F /* PorovnavaciaKartovaHra.m */,
				D203237616B6AA8500751384 /* HraciaKarta.h */,
				D203237716B6AA8500751384 /* HraciaKarta.m */,
				D203237316B6AA7000751384 /* Karta.h */,
				D203237416B6AA7000751384 /* Karta.m */,
				D203237916B6AB1500751384 /* BalicekHracichKariet.h */,
				D203237A16B6AB1500751384 /* BalicekHracichKariet.m */,
				D203237016B6A94E00751384 /* BalicekKariet.h */,
				D203237116B6A94E00751384 /* BalicekKariet.m */,
				D23B4A8316C9B691007D42AE /* BalicekSkupinovychKariet.h */,
				D23B4A8416C9B691007D42AE /* BalicekSkupinovychKariet.m */,
				D23B4A8016C9B073007D42AE /* SkupinovaKarta.h */,
				D23B4A8116C9B073007D42AE /* SkupinovaKarta.m */,
			);
			name = Models;
			sourceTree = "<group>";
		};
		D203236E16B6A85D00751384 /* Views */ = {
			isa = PBXGroup;
			children = (
				D2E0B58C16B2EAF10024A566 /* MainStoryboard.storyboard */,
			);
			name = Views;
			sourceTree = "<group>";
		};
		D203236F16B6A86B00751384 /* Controllers */ = {
			isa = PBXGroup;
			children = (
				D23B4A7D16C93B21007D42AE /* SecondViewController.h */,
				D23B4A7E16C93B21007D42AE /* SecondViewController.m */,
				D2E0B58F16B2EAF10024A566 /* ViewController.h */,
				D2E0B59016B2EAF10024A566 /* ViewController.m */,
			);
			name = Controllers;
			sourceTree = "<group>";
		};
		D2E0B56516B2EAF10024A566 = {
			isa = PBXGroup;
			children = (
				D2E0B57A16B2EAF10024A566 /* cs193p_2013_hw03 */,
				D2E0B57316B2EAF10024A566 /* Frameworks */,
				D2E0B57116B2EAF10024A566 /* Products */,
			);
			sourceTree = "<group>";
		};
		D2E0B57116B2EAF10024A566 /* Products */ = {
			isa = PBXGroup;
			children = (
				D2E0B57016B2EAF10024A566 /* cs193p_2013_hw03.app */,
			);
			name = Products;
			sourceTree = "<group>";
		};
		D2E0B57316B2EAF10024A566 /* Frameworks */ = {
			isa = PBXGroup;
			children = (
				D2E0B57416B2EAF10024A566 /* UIKit.framework */,
				D2E0B57616B2EAF10024A566 /* Foundation.framework */,
				D2E0B57816B2EAF10024A566 /* CoreGraphics.framework */,
			);
			name = Frameworks;
			sourceTree = "<group>";
		};
		D2E0B57A16B2EAF10024A566 /* cs193p_2013_hw03 */ = {
			isa = PBXGroup;
			children = (
				D203236F16B6A86B00751384 /* Controllers */,
				D203236E16B6A85D00751384 /* Views */,
				D203236C16B6A85400751384 /* Models */,
				D2E0B57B16B2EAF10024A566 /* Supporting Files */,
			);
			path = cs193p_2013_hw03;
			sourceTree = "<group>";
		};
		D2E0B57B16B2EAF10024A566 /* Supporting Files */ = {
			isa = PBXGroup;
			children = (
				D2E0B58316B2EAF10024A566 /* AppDelegate.h */,
				D2E0B58416B2EAF10024A566 /* AppDelegate.m */,
				D2E0B57C16B2EAF10024A566 /* cs193p_2013_hw03-Info.plist */,
				D2E0B57D16B2EAF10024A566 /* InfoPlist.strings */,
				D2E0B58016B2EAF10024A566 /* main.m */,
				D2E0B58216B2EAF10024A566 /* cs193p_2013_hw03-Prefix.pch */,
				D2E0B58616B2EAF10024A566 /* Default.png */,
				D2E0B58816B2EAF10024A566 /* Default@2x.png */,
				D2E0B58A16B2EAF10024A566 /* Default-568h@2x.png */,
				D2FEF2BB16BFDAD80063E56F /* backFace.png */,
			);
			name = "Supporting Files";
			sourceTree = "<group>";
		};
/* End PBXGroup section */

/* Begin PBXNativeTarget section */
		D2E0B56F16B2EAF10024A566 /* cs193p_2013_hw03 */ = {
			isa = PBXNativeTarget;
			buildConfigurationList = D2E0B59416B2EAF10024A566 /* Build configuration list for PBXNativeTarget "cs193p_2013_hw03" */;
			buildPhases = (
				D2E0B56C16B2EAF10024A566 /* Sources */,
				D2E0B56D16B2EAF10024A566 /* Frameworks */,
				D2E0B56E16B2EAF10024A566 /* Resources */,
			);
			buildRules = (
			);
			dependencies = (
			);
			name = cs193p_2013_hw03;
			productName = cs193p_2013_hw03;
			productReference = D2E0B57016B2EAF10024A566 /* cs193p_2013_hw03.app */;
			productType = "com.apple.product-type.application";
		};
/* End PBXNativeTarget section */

/* Begin PBXProject section */
		D2E0B56716B2EAF10024A566 /* Project object */ = {
			isa = PBXProject;
			attributes = {
				LastUpgradeCheck = 0450;
				ORGANIZATIONNAME = "Marek Hrušovský";
			};
			buildConfigurationList = D2E0B56A16B2EAF10024A566 /* Build configuration list for PBXProject "cs193p_2013_hw03" */;
			compatibilityVersion = "Xcode 3.2";
			developmentRegion = English;
			hasScannedForEncodings = 0;
			knownRegions = (
				en,
			);
			mainGroup = D2E0B56516B2EAF10024A566;
			productRefGroup = D2E0B57116B2EAF10024A566 /* Products */;
			projectDirPath = "";
			projectRoot = "";
			targets = (
				D2E0B56F16B2EAF10024A566 /* cs193p_2013_hw03 */,
			);
		};
/* End PBXProject section */

/* Begin PBXResourcesBuildPhase section */
		D2E0B56E16B2EAF10024A566 /* Resources */ = {
			isa = PBXResourcesBuildPhase;
			buildActionMask = 2147483647;
			files = (
				D2E0B57F16B2EAF10024A566 /* InfoPlist.strings in Resources */,
				D2E0B58716B2EAF10024A566 /* Default.png in Resources */,
				D2E0B58916B2EAF10024A566 /* Default@2x.png in Resources */,
				D2E0B58B16B2EAF10024A566 /* Default-568h@2x.png in Resources */,
				D2E0B58E16B2EAF10024A566 /* MainStoryboard.storyboard in Resources */,
				D2FEF2BC16BFDAD80063E56F /* backFace.png in Resources */,
			);
			runOnlyForDeploymentPostprocessing = 0;
		};
/* End PBXResourcesBuildPhase section */

/* Begin PBXSourcesBuildPhase section */
		D2E0B56C16B2EAF10024A566 /* Sources */ = {
			isa = PBXSourcesBuildPhase;
			buildActionMask = 2147483647;
			files = (
				D2E0B58116B2EAF10024A566 /* main.m in Sources */,
				D2E0B58516B2EAF10024A566 /* AppDelegate.m in Sources */,
				D2E0B59116B2EAF10024A566 /* ViewController.m in Sources */,
				D203237216B6A94E00751384 /* BalicekKariet.m in Sources */,
				D203237516B6AA7000751384 /* Karta.m in Sources */,
				D203237816B6AA8500751384 /* HraciaKarta.m in Sources */,
				D203237B16B6AB1500751384 /* BalicekHracichKariet.m in Sources */,
				D2FEF2BF16BFDE450063E56F /* PorovnavaciaKartovaHra.m in Sources */,
				D23B4A7F16C93B21007D42AE /* SecondViewController.m in Sources */,
				D23B4A8216C9B073007D42AE /* SkupinovaKarta.m in Sources */,
				D23B4A8516C9B692007D42AE /* BalicekSkupinovychKariet.m in Sources */,
				D23B4A8816C9B821007D42AE /* SkupinovaKartovaHra.m in Sources */,
				D23B4A8B16CA5891007D42AE /* PoslednyTah.m in Sources */,
			);
			runOnlyForDeploymentPostprocessing = 0;
		};
/* End PBXSourcesBuildPhase section */

/* Begin PBXVariantGroup section */
		D2E0B57D16B2EAF10024A566 /* InfoPlist.strings */ = {
			isa = PBXVariantGroup;
			children = (
				D2E0B57E16B2EAF10024A566 /* en */,
			);
			name = InfoPlist.strings;
			sourceTree = "<group>";
		};
		D2E0B58C16B2EAF10024A566 /* MainStoryboard.storyboard */ = {
			isa = PBXVariantGroup;
			children = (
				D2E0B58D16B2EAF10024A566 /* en */,
			);
			name = MainStoryboard.storyboard;
			sourceTree = "<group>";
		};
/* End PBXVariantGroup section */

/* Begin XCBuildConfiguration section */
		D2E0B59216B2EAF10024A566 /* Debug */ = {
			isa = XCBuildConfiguration;
			buildSettings = {
				ALWAYS_SEARCH_USER_PATHS = NO;
				CLANG_CXX_LANGUAGE_STANDARD = "gnu++0x";
				CLANG_CXX_LIBRARY = "libc++";
				CLANG_ENABLE_OBJC_ARC = YES;
				CLANG_WARN_EMPTY_BODY = YES;
				CLANG_WARN__DUPLICATE_METHOD_MATCH = YES;
				"CODE_SIGN_IDENTITY[sdk=iphoneos*]" = "iPhone Developer";
				COPY_PHASE_STRIP = NO;
				GCC_C_LANGUAGE_STANDARD = gnu99;
				GCC_DYNAMIC_NO_PIC = NO;
				GCC_OPTIMIZATION_LEVEL = 0;
				GCC_PREPROCESSOR_DEFINITIONS = (
					"DEBUG=1",
					"$(inherited)",
				);
				GCC_SYMBOLS_PRIVATE_EXTERN = NO;
				GCC_WARN_ABOUT_RETURN_TYPE = YES;
				GCC_WARN_UNINITIALIZED_AUTOS = YES;
				GCC_WARN_UNUSED_VARIABLE = YES;
				IPHONEOS_DEPLOYMENT_TARGET = 6.0;
				ONLY_ACTIVE_ARCH = YES;
				SDKROOT = iphoneos;
			};
			name = Debug;
		};
		D2E0B59316B2EAF10024A566 /* Release */ = {
			isa = XCBuildConfiguration;
			buildSettings = {
				ALWAYS_SEARCH_USER_PATHS = NO;
				CLANG_CXX_LANGUAGE_STANDARD = "gnu++0x";
				CLANG_CXX_LIBRARY = "libc++";
				CLANG_ENABLE_OBJC_ARC = YES;
				CLANG_WARN_EMPTY_BODY = YES;
				CLANG_WARN__DUPLICATE_METHOD_MATCH = YES;
				"CODE_SIGN_IDENTITY[sdk=iphoneos*]" = "iPhone Developer";
				COPY_PHASE_STRIP = YES;
				GCC_C_LANGUAGE_STANDARD = gnu99;
				GCC_WARN_ABOUT_RETURN_TYPE = YES;
				GCC_WARN_UNINITIALIZED_AUTOS = YES;
				GCC_WARN_UNUSED_VARIABLE = YES;
				IPHONEOS_DEPLOYMENT_TARGET = 6.0;
				OTHER_CFLAGS = "-DNS_BLOCK_ASSERTIONS=1";
				SDKROOT = iphoneos;
				VALIDATE_PRODUCT = YES;
			};
			name = Release;
		};
		D2E0B59516B2EAF10024A566 /* Debug */ = {
			isa = XCBuildConfiguration;
			buildSettings = {
				"CODE_SIGN_IDENTITY[sdk=iphoneos*]" = "";
				GCC_PRECOMPILE_PREFIX_HEADER = YES;
				GCC_PREFIX_HEADER = "cs193p_2013_hw03/cs193p_2013_hw03-Prefix.pch";
				INFOPLIST_FILE = "cs193p_2013_hw03/cs193p_2013_hw03-Info.plist";
				IPHONEOS_DEPLOYMENT_TARGET = 6.0;
				PRODUCT_NAME = cs193p_2013_hw03;
				WRAPPER_EXTENSION = app;
			};
			name = Debug;
		};
		D2E0B59616B2EAF10024A566 /* Release */ = {
			isa = XCBuildConfiguration;
			buildSettings = {
				"CODE_SIGN_IDENTITY[sdk=iphoneos*]" = "";
				GCC_PRECOMPILE_PREFIX_HEADER = YES;
				GCC_PREFIX_HEADER = "cs193p_2013_hw03/cs193p_2013_hw03-Prefix.pch";
				INFOPLIST_FILE = "cs193p_2013_hw03/cs193p_2013_hw03-Info.plist";
				IPHONEOS_DEPLOYMENT_TARGET = 6.0;
				PRODUCT_NAME = cs193p_2013_hw03;
				WRAPPER_EXTENSION = app;
			};
			name = Release;
		};
/* End XCBuildConfiguration section */

/* Begin XCConfigurationList section */
		D2E0B56A16B2EAF10024A566 /* Build configuration list for PBXProject "cs193p_2013_hw03" */ = {
			isa = XCConfigurationList;
			buildConfigurations = (
				D2E0B59216B2EAF10024A566 /* Debug */,
				D2E0B59316B2EAF10024A566 /* Release */,
			);
			defaultConfigurationIsVisible = 0;
			defaultConfigurationName = Release;
		};
		D2E0B59416B2EAF10024A566 /* Build configuration list for PBXNativeTarget "cs193p_2013_hw03" */ = {
			isa = XCConfigurationList;
			buildConfigurations = (
				D2E0B59516B2EAF10024A566 /* Debug */,
				D2E0B59616B2EAF10024A566 /* Release */,
			);
			defaultConfigurationIsVisible = 0;
			defaultConfigurationName = Release;
		};
/* End XCConfigurationList section */
	};
	rootObject = D2E0B56716B2EAF10024A566 /* Project object */;
}
